
Microsoft Visual Studio Solution File, Format Version 12.00
# Visual Studio Version 17
VisualStudioVersion = 17.14.36414.22
MinimumVisualStudioVersion = 10.0.40219.1
Project("{2150E333-8FDC-42A3-9474-1A3956D46DE8}") = "00. DataBase", "00. DataBase", "{02EA681E-C7D8-13C7-8484-4AC65E1B71E8}"
EndProject
Project("{2150E333-8FDC-42A3-9474-1A3956D46DE8}") = "01. DataAccess", "01. DataAccess", "{C2984632-4D23-4CF9-BFD8-CF9DC3EBC494}"
EndProject
Project("{2150E333-8FDC-42A3-9474-1A3956D46DE8}") = "02. Repository", "02. Repository", "{1FAA6F11-85B8-4709-A4D1-D1518D2B3995}"
EndProject
Project("{2150E333-8FDC-42A3-9474-1A3956D46DE8}") = "03. Bussiness", "03. Bussiness", "{22CFC812-99DC-4CBF-9A5F-C97B0AF35C8C}"
EndProject
Project("{2150E333-8FDC-42A3-9474-1A3956D46DE8}") = "04. Presentation", "04. Presentation", "{84779D41-40F9-4ACD-85CA-2A05D042A0D5}"
EndProject
Project("{FAE04EC0-301F-11D3-BF4B-00C04F79EFBC}") = "Sicma.DataAccess", "Sicma.DataAccess\Sicma.DataAccess.csproj", "{CBD85E22-CAC1-4D76-93F7-9B02AAD0A0D4}"
EndProject
Project("{FAE04EC0-301F-11D3-BF4B-00C04F79EFBC}") = "Sicma.API", "Sicma.API\Sicma.API.csproj", "{07BA849C-0086-47CF-95C8-65B2385AF2C5}"
EndProject
Project("{FAE04EC0-301F-11D3-BF4B-00C04F79EFBC}") = "Sicma.Entities", "Sicma.Entities\Sicma.Entities.csproj", "{315536FE-324F-42E4-9B59-2760F7A76DD6}"
EndProject
Project("{FAE04EC0-301F-11D3-BF4B-00C04F79EFBC}") = "Sicma.Repositorys", "Sicma.Repositorys\Sicma.Repositorys.csproj", "{E9160EC9-2F46-4349-84E5-4209D3382B63}"
EndProject
Project("{FAE04EC0-301F-11D3-BF4B-00C04F79EFBC}") = "Sicma.Service", "Sicma.Service\Sicma.Service.csproj", "{E585EE04-EF29-43D6-AB3D-4A2C0ACEBAA8}"
EndProject
Project("{2150E333-8FDC-42A3-9474-1A3956D46DE8}") = "05. Common", "05. Common", "{ABE70B5A-B838-4C5A-9434-440EBC72486C}"
EndProject
Project("{FAE04EC0-301F-11D3-BF4B-00C04F79EFBC}") = "Sicma.DTO", "Sicma.DTO\Sicma.DTO.csproj", "{FF745E7B-D920-45FB-A933-BB8D4EE16431}"
EndProject
Project("{FAE04EC0-301F-11D3-BF4B-00C04F79EFBC}") = "Sicma.Common", "Sicma.Common\Sicma.Common.csproj", "{CA694947-5292-4E83-ACC2-DCF5B8162957}"
EndProject
Global
	GlobalSection(SolutionConfigurationPlatforms) = preSolution
		Debug|Any CPU = Debug|Any CPU
		Release|Any CPU = Release|Any CPU
	EndGlobalSection
	GlobalSection(ProjectConfigurationPlatforms) = postSolution
		{CBD85E22-CAC1-4D76-93F7-9B02AAD0A0D4}.Debug|Any CPU.ActiveCfg = Debug|Any CPU
		{CBD85E22-CAC1-4D76-93F7-9B02AAD0A0D4}.Debug|Any CPU.Build.0 = Debug|Any CPU
		{CBD85E22-CAC1-4D76-93F7-9B02AAD0A0D4}.Release|Any CPU.ActiveCfg = Release|Any CPU
		{CBD85E22-CAC1-4D76-93F7-9B02AAD0A0D4}.Release|Any CPU.Build.0 = Release|Any CPU
		{07BA849C-0086-47CF-95C8-65B2385AF2C5}.Debug|Any CPU.ActiveCfg = Debug|Any CPU
		{07BA849C-0086-47CF-95C8-65B2385AF2C5}.Debug|Any CPU.Build.0 = Debug|Any CPU
		{07BA849C-0086-47CF-95C8-65B2385AF2C5}.Release|Any CPU.ActiveCfg = Release|Any CPU
		{07BA849C-0086-47CF-95C8-65B2385AF2C5}.Release|Any CPU.Build.0 = Release|Any CPU
		{315536FE-324F-42E4-9B59-2760F7A76DD6}.Debug|Any CPU.ActiveCfg = Debug|Any CPU
		{315536FE-324F-42E4-9B59-2760F7A76DD6}.Debug|Any CPU.Build.0 = Debug|Any CPU
		{315536FE-324F-42E4-9B59-2760F7A76DD6}.Release|Any CPU.ActiveCfg = Release|Any CPU
		{315536FE-324F-42E4-9B59-2760F7A76DD6}.Release|Any CPU.Build.0 = Release|Any CPU
		{E9160EC9-2F46-4349-84E5-4209D3382B63}.Debug|Any CPU.ActiveCfg = Debug|Any CPU
		{E9160EC9-2F46-4349-84E5-4209D3382B63}.Debug|Any CPU.Build.0 = Debug|Any CPU
		{E9160EC9-2F46-4349-84E5-4209D3382B63}.Release|Any CPU.ActiveCfg = Release|Any CPU
		{E9160EC9-2F46-4349-84E5-4209D3382B63}.Release|Any CPU.Build.0 = Release|Any CPU
		{E585EE04-EF29-43D6-AB3D-4A2C0ACEBAA8}.Debug|Any CPU.ActiveCfg = Debug|Any CPU
		{E585EE04-EF29-43D6-AB3D-4A2C0ACEBAA8}.Debug|Any CPU.Build.0 = Debug|Any CPU
		{E585EE04-EF29-43D6-AB3D-4A2C0ACEBAA8}.Release|Any CPU.ActiveCfg = Release|Any CPU
		{E585EE04-EF29-43D6-AB3D-4A2C0ACEBAA8}.Release|Any CPU.Build.0 = Release|Any CPU
		{FF745E7B-D920-45FB-A933-BB8D4EE16431}.Debug|Any CPU.ActiveCfg = Debug|Any CPU
		{FF745E7B-D920-45FB-A933-BB8D4EE16431}.Debug|Any CPU.Build.0 = Debug|Any CPU
		{FF745E7B-D920-45FB-A933-BB8D4EE16431}.Release|Any CPU.ActiveCfg = Release|Any CPU
		{FF745E7B-D920-45FB-A933-BB8D4EE16431}.Release|Any CPU.Build.0 = Release|Any CPU
		{CA694947-5292-4E83-ACC2-DCF5B8162957}.Debug|Any CPU.ActiveCfg = Debug|Any CPU
		{CA694947-5292-4E83-ACC2-DCF5B8162957}.Debug|Any CPU.Build.0 = Debug|Any CPU
		{CA694947-5292-4E83-ACC2-DCF5B8162957}.Release|Any CPU.ActiveCfg = Release|Any CPU
		{CA694947-5292-4E83-ACC2-DCF5B8162957}.Release|Any CPU.Build.0 = Release|Any CPU
	EndGlobalSection
	GlobalSection(SolutionProperties) = preSolution
		HideSolutionNode = FALSE
	EndGlobalSection
	GlobalSection(NestedProjects) = preSolution
		{CBD85E22-CAC1-4D76-93F7-9B02AAD0A0D4} = {C2984632-4D23-4CF9-BFD8-CF9DC3EBC494}
		{07BA849C-0086-47CF-95C8-65B2385AF2C5} = {84779D41-40F9-4ACD-85CA-2A05D042A0D5}
		{315536FE-324F-42E4-9B59-2760F7A76DD6} = {C2984632-4D23-4CF9-BFD8-CF9DC3EBC494}
		{E9160EC9-2F46-4349-84E5-4209D3382B63} = {1FAA6F11-85B8-4709-A4D1-D1518D2B3995}
		{E585EE04-EF29-43D6-AB3D-4A2C0ACEBAA8} = {22CFC812-99DC-4CBF-9A5F-C97B0AF35C8C}
		{FF745E7B-D920-45FB-A933-BB8D4EE16431} = {ABE70B5A-B838-4C5A-9434-440EBC72486C}
		{CA694947-5292-4E83-ACC2-DCF5B8162957} = {ABE70B5A-B838-4C5A-9434-440EBC72486C}
	EndGlobalSection
	GlobalSection(ExtensibilityGlobals) = postSolution
		SolutionGuid = {9C9FF1AF-69C1-4F55-93C7-5B2D7D9914DD}
	EndGlobalSection
EndGlobal
